
Microsoft Visual Studio Solution File, Format Version 12.00
# Visual Studio Version 17
VisualStudioVersion = 17.4.33205.214
MinimumVisualStudioVersion = 10.0.40219.1
Project("{9A19103F-16F7-4668-BE54-9A1E7A4F7556}") = "Online Book Cart", "Online Book Cart\Online Book Cart.csproj", "{CC941E05-6651-45D4-A069-2C9781185DB8}"
EndProject
Project("{9A19103F-16F7-4668-BE54-9A1E7A4F7556}") = "Online_Book_Cart_Temp", "OnlineBookCart_Temp\Online_Book_Cart_Temp.csproj", "{F9A1D8DC-2603-4BF6-9771-A69D3124E325}"
EndProject
Global
	GlobalSection(SolutionConfigurationPlatforms) = preSolution
		Debug|Any CPU = Debug|Any CPU
		Release|Any CPU = Release|Any CPU
	EndGlobalSection
	GlobalSection(ProjectConfigurationPlatforms) = postSolution
		{CC941E05-6651-45D4-A069-2C9781185DB8}.Debug|Any CPU.ActiveCfg = Debug|Any CPU
		{CC941E05-6651-45D4-A069-2C9781185DB8}.Debug|Any CPU.Build.0 = Debug|Any CPU
		{CC941E05-6651-45D4-A069-2C9781185DB8}.Release|Any CPU.ActiveCfg = Release|Any CPU
		{CC941E05-6651-45D4-A069-2C9781185DB8}.Release|Any CPU.Build.0 = Release|Any CPU
		{F9A1D8DC-2603-4BF6-9771-A69D3124E325}.Debug|Any CPU.ActiveCfg = Debug|Any CPU
		{F9A1D8DC-2603-4BF6-9771-A69D3124E325}.Debug|Any CPU.Build.0 = Debug|Any CPU
		{F9A1D8DC-2603-4BF6-9771-A69D3124E325}.Release|Any CPU.ActiveCfg = Release|Any CPU
		{F9A1D8DC-2603-4BF6-9771-A69D3124E325}.Release|Any CPU.Build.0 = Release|Any CPU
	EndGlobalSection
	GlobalSection(SolutionProperties) = preSolution
		HideSolutionNode = FALSE
	EndGlobalSection
	GlobalSection(ExtensibilityGlobals) = postSolution
		SolutionGuid = {95ECF1DD-D99E-4A05-B843-06C64633822E}
	EndGlobalSection
EndGlobal
